<?xml version="1.0" encoding="UTF-8" standalone="yes" ?>
<CodeBlocks_project_file>
	<FileVersion major="1" minor="6" />
	<Project>
		<Option title="DesignPattern" />
		<Option pch_mode="2" />
		<Option compiler="gcc" />
		<Build>
			<Target title="Debug">
				<Option output="bin/Debug/DesignPattern" prefix_auto="1" extension_auto="1" />
				<Option object_output="obj/Debug/" />
				<Option type="1" />
				<Option compiler="gcc" />
				<Compiler>
					<Add option="-g" />
					<Add directory="include" />
				</Compiler>
			</Target>
			<Target title="Release">
				<Option output="bin/Release/DesignPattern" prefix_auto="1" extension_auto="1" />
				<Option object_output="obj/Release/" />
				<Option type="1" />
				<Option compiler="gcc" />
				<Compiler>
					<Add option="-O2" />
					<Add directory="include" />
				</Compiler>
				<Linker>
					<Add option="-s" />
				</Linker>
			</Target>
		</Build>
		<Compiler>
			<Add option="-Wall" />
			<Add option="-fexceptions" />
		</Compiler>
		<Unit filename="include/AbstractFactory.h" />
		<Unit filename="include/Adapter.h" />
		<Unit filename="include/Builder.h" />
		<Unit filename="include/Facade.h" />
		<Unit filename="include/FactoryMethod.h" />
		<Unit filename="include/Observer.h" />
		<Unit filename="include/Prototype.h" />
		<Unit filename="include/Proxy.h" />
		<Unit filename="include/SimpleFactory.h" />
		<Unit filename="include/State.h" />
		<Unit filename="include/TemplateMethod.h" />
		<Unit filename="main.cpp" />
		<Unit filename="src/AbstractFactory.cpp" />
		<Unit filename="src/Adapter.cpp" />
		<Unit filename="src/Builder.cpp" />
		<Unit filename="src/Facade.cpp" />
		<Unit filename="src/FactoryMethod.cpp" />
		<Unit filename="src/Observer.cpp" />
		<Unit filename="src/Prototype.cpp" />
		<Unit filename="src/Proxy.cpp" />
		<Unit filename="src/SimpleFactory.cpp" />
		<Unit filename="src/State.cpp" />
		<Unit filename="src/TemplateMethod.cpp" />
		<Extensions>
			<code_completion />
			<envvars />
			<debugger />
		</Extensions>
	</Project>
</CodeBlocks_project_file>
